// !$*UTF8*$!
{
	archiveVersion = 1;
	classes = {
	};
	objectVersion = 46;
	objects = {

/* Begin PBXBuildFile section */
		8AE648411D9D62EA003068AD /* AppDelegate.m in Sources */ = {isa = PBXBuildFile; fileRef = 8AE648401D9D62EA003068AD /* AppDelegate.m */; };
		8AE648441D9D62EA003068AD /* main.m in Sources */ = {isa = PBXBuildFile; fileRef = 8AE648431D9D62EA003068AD /* main.m */; };
		8AE648471D9D62EA003068AD /* ViewController.m in Sources */ = {isa = PBXBuildFile; fileRef = 8AE648461D9D62EA003068AD /* ViewController.m */; };
		8AE648491D9D62EA003068AD /* Assets.xcassets in Resources */ = {isa = PBXBuildFile; fileRef = 8AE648481D9D62EA003068AD /* Assets.xcassets */; };
		8AE6484C1D9D62EA003068AD /* Main.storyboard in Resources */ = {isa = PBXBuildFile; fileRef = 8AE6484A1D9D62EA003068AD /* Main.storyboard */; };
		8AE648571D9D62EB003068AD /* aaTests.m in Sources */ = {isa = PBXBuildFile; fileRef = 8AE648561D9D62EB003068AD /* aaTests.m */; };
		8AE648621D9D62EB003068AD /* aaUITests.m in Sources */ = {isa = PBXBuildFile; fileRef = 8AE648611D9D62EB003068AD /* aaUITests.m */; };
		8AE648701D9D6341003068AD /* AppKit.framework in Frameworks */ = {isa = PBXBuildFile; fileRef = 8AE6486F1D9D6341003068AD /* AppKit.framework */; };
/* End PBXBuildFile section */

/* Begin PBXContainerItemProxy section */
		8AE648531D9D62EB003068AD /* PBXContainerItemProxy */ = {
			isa = PBXContainerItemProxy;
			containerPortal = 8AE648341D9D62EA003068AD /* Project object */;
			proxyType = 1;
			remoteGlobalIDString = 8AE6483B1D9D62EA003068AD;
			remoteInfo = aa;
		};
		8AE6485E1D9D62EB003068AD /* PBXContainerItemProxy */ = {
			isa = PBXContainerItemProxy;
			containerPortal = 8AE648341D9D62EA003068AD /* Project object */;
			proxyType = 1;
			remoteGlobalIDString = 8AE6483B1D9D62EA003068AD;
			remoteInfo = aa;
		};
/* End PBXContainerItemProxy section */

/* Begin PBXFileReference section */
		8AE6483C1D9D62EA003068AD /* aa.app */ = {isa = PBXFileReference; explicitFileType = wrapper.application; includeInIndex = 0; path = aa.app; sourceTree = BUILT_PRODUCTS_DIR; };
		8AE6483F1D9D62EA003068AD /* AppDelegate.h */ = {isa = PBXFileReference; lastKnownFileType = sourcecode.c.h; path = AppDelegate.h; sourceTree = "<group>"; };
		8AE648401D9D62EA003068AD /* AppDelegate.m */ = {isa = PBXFileReference; lastKnownFileType = sourcecode.c.objc; path = AppDelegate.m; sourceTree = "<group>"; };
		8AE648431D9D62EA003068AD /* main.m */ = {isa = PBXFileReference; lastKnownFileType = sourcecode.c.objc; path = main.m; sourceTree = "<group>"; };
		8AE648451D9D62EA003068AD /* ViewController.h */ = {isa = PBXFileReference; lastKnownFileType = sourcecode.c.h; path = ViewController.h; sourceTree = "<group>"; };
		8AE648461D9D62EA003068AD /* ViewController.m */ = {isa = PBXFileReference; lastKnownFileType = sourcecode.c.objc; path = ViewController.m; sourceTree = "<group>"; };
		8AE648481D9D62EA003068AD /* Assets.xcassets */ = {isa = PBXFileReference; lastKnownFileType = folder.assetcatalog; path = Assets.xcassets; sourceTree = "<group>"; };
		8AE6484B1D9D62EA003068AD /* Base */ = {isa = PBXFileReference; lastKnownFileType = file.storyboard; name = Base; path = Base.lproj/Main.storyboard; sourceTree = "<group>"; };
		8AE6484D1D9D62EB003068AD /* Info.plist */ = {isa = PBXFileReference; lastKnownFileType = text.plist.xml; path = Info.plist; sourceTree = "<group>"; };
		8AE648521D9D62EB003068AD /* aaTests.xctest */ = {isa = PBXFileReference; explicitFileType = wrapper.cfbundle; includeInIndex = 0; path = aaTests.xctest; sourceTree = BUILT_PRODUCTS_DIR; };
		8AE648561D9D62EB003068AD /* aaTests.m */ = {isa = PBXFileReference; lastKnownFileType = sourcecode.c.objc; path = aaTests.m; sourceTree = "<group>"; };
		8AE648581D9D62EB003068AD /* Info.plist */ = {isa = PBXFileReference; lastKnownFileType = text.plist.xml; path = Info.plist; sourceTree = "<group>"; };
		8AE6485D1D9D62EB003068AD /* aaUITests.xctest */ = {isa = PBXFileReference; explicitFileType = wrapper.cfbundle; includeInIndex = 0; path = aaUITests.xctest; sourceTree = BUILT_PRODUCTS_DIR; };
		8AE648611D9D62EB003068AD /* aaUITests.m */ = {isa = PBXFileReference; lastKnownFileType = sourcecode.c.objc; path = aaUITests.m; sourceTree = "<group>"; };
		8AE648631D9D62EB003068AD /* Info.plist */ = {isa = PBXFileReference; lastKnownFileType = text.plist.xml; path = Info.plist; sourceTree = "<group>"; };
		8AE6486F1D9D6341003068AD /* AppKit.framework */ = {isa = PBXFileReference; lastKnownFileType = wrapper.framework; name = AppKit.framework; path = System/Library/Frameworks/AppKit.framework; sourceTree = SDKROOT; };
/* End PBXFileReference section */

/* Begin PBXFrameworksBuildPhase section */
		8AE648391D9D62EA003068AD /* Frameworks */ = {
			isa = PBXFrameworksBuildPhase;
			buildActionMask = 2147483647;
			files = (
				8AE648701D9D6341003068AD /* AppKit.framework in Frameworks */,
			);
			runOnlyForDeploymentPostprocessing = 0;
		};
		8AE6484F1D9D62EB003068AD /* Frameworks */ = {
			isa = PBXFrameworksBuildPhase;
			buildActionMask = 2147483647;
			files = (
			);
			runOnlyForDeploymentPostprocessing = 0;
		};
		8AE6485A1D9D62EB003068AD /* Frameworks */ = {
			isa = PBXFrameworksBuildPhase;
			buildActionMask = 2147483647;
			files = (
			);
			runOnlyForDeploymentPostprocessing = 0;
		};
/* End PBXFrameworksBuildPhase section */

/* Begin PBXGroup section */
		8AE648331D9D62EA003068AD = {
			isa = PBXGroup;
			children = (
				8AE6486F1D9D6341003068AD /* AppKit.framework */,
				8AE6483E1D9D62EA003068AD /* aa */,
				8AE648551D9D62EB003068AD /* aaTests */,
				8AE648601D9D62EB003068AD /* aaUITests */,
				8AE6483D1D9D62EA003068AD /* Products */,
			);
			sourceTree = "<group>";
		};
		8AE6483D1D9D62EA003068AD /* Products */ = {
			isa = PBXGroup;
			children = (
				8AE6483C1D9D62EA003068AD /* aa.app */,
				8AE648521D9D62EB003068AD /* aaTests.xctest */,
				8AE6485D1D9D62EB003068AD /* aaUITests.xctest */,
			);
			name = Products;
			sourceTree = "<group>";
		};
		8AE6483E1D9D62EA003068AD /* aa */ = {
			isa = PBXGroup;
			children = (
				8AE6483F1D9D62EA003068AD /* AppDelegate.h */,
				8AE648401D9D62EA003068AD /* AppDelegate.m */,
				8AE648451D9D62EA003068AD /* ViewController.h */,
				8AE648461D9D62EA003068AD /* ViewController.m */,
				8AE648481D9D62EA003068AD /* Assets.xcassets */,
				8AE6484A1D9D62EA003068AD /* Main.storyboard */,
				8AE6484D1D9D62EB003068AD /* Info.plist */,
				8AE648421D9D62EA003068AD /* Supporting Files */,
			);
			path = aa;
			sourceTree = "<group>";
		};
		8AE648421D9D62EA003068AD /* Supporting Files */ = {
			isa = PBXGroup;
			children = (
				8AE648431D9D62EA003068AD /* main.m */,
			);
			name = "Supporting Files";
			sourceTree = "<group>";
		};
		8AE648551D9D62EB003068AD /* aaTests */ = {
			isa = PBXGroup;
			children = (
				8AE648561D9D62EB003068AD /* aaTests.m */,
				8AE648581D9D62EB003068AD /* Info.plist */,
			);
			path = aaTests;
			sourceTree = "<group>";
		};
		8AE648601D9D62EB003068AD /* aaUITests */ = {
			isa = PBXGroup;
			children = (
				8AE648611D9D62EB003068AD /* aaUITests.m */,
				8AE648631D9D62EB003068AD /* Info.plist */,
			);
			path = aaUITests;
			sourceTree = "<group>";
		};
/* End PBXGroup section */

/* Begin PBXNativeTarget section */
		8AE6483B1D9D62EA003068AD /* aa */ = {
			isa = PBXNativeTarget;
			buildConfigurationList = 8AE648661D9D62EB003068AD /* Build configuration list for PBXNativeTarget "aa" */;
			buildPhases = (
				8AE648381D9D62EA003068AD /* Sources */,
				8AE648391D9D62EA003068AD /* Frameworks */,
				8AE6483A1D9D62EA003068AD /* Resources */,
			);
			buildRules = (
			);
			dependencies = (
			);
			name = aa;
			productName = aa;
			productReference = 8AE6483C1D9D62EA003068AD /* aa.app */;
			productType = "com.apple.product-type.application";
		};
		8AE648511D9D62EB003068AD /* aaTests */ = {
			isa = PBXNativeTarget;
			buildConfigurationList = 8AE648691D9D62EB003068AD /* Build configuration list for PBXNativeTarget "aaTests" */;
			buildPhases = (
				8AE6484E1D9D62EB003068AD /* Sources */,
				8AE6484F1D9D62EB003068AD /* Frameworks */,
				8AE648501D9D62EB003068AD /* Resources */,
			);
			buildRules = (
			);
			dependencies = (
				8AE648541D9D62EB003068AD /* PBXTargetDependency */,
			);
			name = aaTests;
			productName = aaTests;
			productReference = 8AE648521D9D62EB003068AD /* aaTests.xctest */;
			productType = "com.apple.product-type.bundle.unit-test";
		};
		8AE6485C1D9D62EB003068AD /* aaUITests */ = {
			isa = PBXNativeTarget;
			buildConfigurationList = 8AE6486C1D9D62EB003068AD /* Build configuration list for PBXNativeTarget "aaUITests" */;
			buildPhases = (
				8AE648591D9D62EB003068AD /* Sources */,
				8AE6485A1D9D62EB003068AD /* Frameworks */,
				8AE6485B1D9D62EB003068AD /* Resources */,
			);
			buildRules = (
			);
			dependencies = (
				8AE6485F1D9D62EB003068AD /* PBXTargetDependency */,
			);
			name = aaUITests;
			productName = aaUITests;
			productReference = 8AE6485D1D9D62EB003068AD /* aaUITests.xctest */;
			productType = "com.apple.product-type.bundle.ui-testing";
		};
/* End PBXNativeTarget section */

/* Begin PBXProject section */
		8AE648341D9D62EA003068AD /* Project object */ = {
			isa = PBXProject;
			attributes = {
				LastUpgradeCheck = 0730;
				ORGANIZATIONNAME = smileytechguy;
				TargetAttributes = {
					8AE6483B1D9D62EA003068AD = {
						CreatedOnToolsVersion = 7.3;
					};
					8AE648511D9D62EB003068AD = {
						CreatedOnToolsVersion = 7.3;
						TestTargetID = 8AE6483B1D9D62EA003068AD;
					};
					8AE6485C1D9D62EB003068AD = {
						CreatedOnToolsVersion = 7.3;
						TestTargetID = 8AE6483B1D9D62EA003068AD;
					};
				};
			};
			buildConfigurationList = 8AE648371D9D62EA003068AD /* Build configuration list for PBXProject "aa" */;
			compatibilityVersion = "Xcode 3.2";
			developmentRegion = English;
			hasScannedForEncodings = 0;
			knownRegions = (
				en,
				Base,
			);
			mainGroup = 8AE648331D9D62EA003068AD;
			productRefGroup = 8AE6483D1D9D62EA003068AD /* Products */;
			projectDirPath = "";
			projectRoot = "";
			targets = (
				8AE6483B1D9D62EA003068AD /* aa */,
				8AE648511D9D62EB003068AD /* aaTests */,
				8AE6485C1D9D62EB003068AD /* aaUITests */,
			);
		};
/* End PBXProject section */

/* Begin PBXResourcesBuildPhase section */
		8AE6483A1D9D62EA003068AD /* Resources */ = {
			isa = PBXResourcesBuildPhase;
			buildActionMask = 2147483647;
			files = (
				8AE648491D9D62EA003068AD /* Assets.xcassets in Resources */,
				8AE6484C1D9D62EA003068AD /* Main.storyboard in Resources */,
			);
			runOnlyForDeploymentPostprocessing = 0;
		};
		8AE648501D9D62EB003068AD /* Resources */ = {
			isa = PBXResourcesBuildPhase;
			buildActionMask = 2147483647;
			files = (
			);
			runOnlyForDeploymentPostprocessing = 0;
		};
		8AE6485B1D9D62EB003068AD /* Resources */ = {
			isa = PBXResourcesBuildPhase;
			buildActionMask = 2147483647;
			files = (
			);
			runOnlyForDeploymentPostprocessing = 0;
		};
/* End PBXResourcesBuildPhase section */

/* Begin PBXSourcesBuildPhase section */
		8AE648381D9D62EA003068AD /* Sources */ = {
			isa = PBXSourcesBuildPhase;
			buildActionMask = 2147483647;
			files = (
				8AE648471D9D62EA003068AD /* ViewController.m in Sources */,
				8AE648441D9D62EA003068AD /* main.m in Sources */,
				8AE648411D9D62EA003068AD /* AppDelegate.m in Sources */,
			);
			runOnlyForDeploymentPostprocessing = 0;
		};
		8AE6484E1D9D62EB003068AD /* Sources */ = {
			isa = PBXSourcesBuildPhase;
			buildActionMask = 2147483647;
			files = (
				8AE648571D9D62EB003068AD /* aaTests.m in Sources */,
			);
			runOnlyForDeploymentPostprocessing = 0;
		};
		8AE648591D9D62EB003068AD /* Sources */ = {
			isa = PBXSourcesBuildPhase;
			buildActionMask = 2147483647;
			files = (
				8AE648621D9D62EB003068AD /* aaUITests.m in Sources */,
			);
			runOnlyForDeploymentPostprocessing = 0;
		};
/* End PBXSourcesBuildPhase section */

/* Begin PBXTargetDependency section */
		8AE648541D9D62EB003068AD /* PBXTargetDependency */ = {
			isa = PBXTargetDependency;
			target = 8AE6483B1D9D62EA003068AD /* aa */;
			targetProxy = 8AE648531D9D62EB003068AD /* PBXContainerItemProxy */;
		};
		8AE6485F1D9D62EB003068AD /* PBXTargetDependency */ = {
			isa = PBXTargetDependency;
			target = 8AE6483B1D9D62EA003068AD /* aa */;
			targetProxy = 8AE6485E1D9D62EB003068AD /* PBXContainerItemProxy */;
		};
/* End PBXTargetDependency section */

/* Begin PBXVariantGroup section */
		8AE6484A1D9D62EA003068AD /* Main.storyboard */ = {
			isa = PBXVariantGroup;
			children = (
				8AE6484B1D9D62EA003068AD /* Base */,
			);
			name = Main.storyboard;
			sourceTree = "<group>";
		};
/* End PBXVariantGroup section */

/* Begin XCBuildConfiguration section */
		8AE648641D9D62EB003068AD /* Debug */ = {
			isa = XCBuildConfiguration;
			buildSettings = {
				ALWAYS_SEARCH_USER_PATHS = NO;
				CLANG_ANALYZER_NONNULL = YES;
				CLANG_CXX_LANGUAGE_STANDARD = "gnu++0x";
				CLANG_CXX_LIBRARY = "libc++";
				CLANG_ENABLE_MODULES = YES;
				CLANG_ENABLE_OBJC_ARC = YES;
				CLANG_WARN_BOOL_CONVERSION = YES;
				CLANG_WARN_CONSTANT_CONVERSION = YES;
				CLANG_WARN_DIRECT_OBJC_ISA_USAGE = YES_ERROR;
				CLANG_WARN_EMPTY_BODY = YES;
				CLANG_WARN_ENUM_CONVERSION = YES;
				CLANG_WARN_INT_CONVERSION = YES;
				CLANG_WARN_OBJC_ROOT_CLASS = YES_ERROR;
				CLANG_WARN_UNREACHABLE_CODE = YES;
				CLANG_WARN__DUPLICATE_METHOD_MATCH = YES;
				CODE_SIGN_IDENTITY = "-";
				COPY_PHASE_STRIP = NO;
				DEBUG_INFORMATION_FORMAT = dwarf;
				ENABLE_STRICT_OBJC_MSGSEND = YES;
				ENABLE_TESTABILITY = YES;
				GCC_C_LANGUAGE_STANDARD = gnu99;
				GCC_DYNAMIC_NO_PIC = NO;
				GCC_NO_COMMON_BLOCKS = YES;
				GCC_OPTIMIZATION_LEVEL = 0;
				GCC_PREPROCESSOR_DEFINITIONS = (
					"DEBUG=1",
					"$(inherited)",
				);
				GCC_WARN_64_TO_32_BIT_CONVERSION = YES;
				GCC_WARN_ABOUT_RETURN_TYPE = YES_ERROR;
				GCC_WARN_UNDECLARED_SELECTOR = YES;
				GCC_WARN_UNINITIALIZED_AUTOS = YES_AGGRESSIVE;
				GCC_WARN_UNUSED_FUNCTION = YES;
				GCC_WARN_UNUSED_VARIABLE = YES;
				MACOSX_DEPLOYMENT_TARGET = 10.11;
				MTL_ENABLE_DEBUG_INFO = YES;
				ONLY_ACTIVE_ARCH = YES;
				SDKROOT = macosx;
			};
			name = Debug;
		};
		8AE648651D9D62EB003068AD /* Release */ = {
			isa = XCBuildConfiguration;
			buildSettings = {
				ALWAYS_SEARCH_USER_PATHS = NO;
				CLANG_ANALYZER_NONNULL = YES;
				CLANG_CXX_LANGUAGE_STANDARD = "gnu++0x";
				CLANG_CXX_LIBRARY = "libc++";
				CLANG_ENABLE_MODULES = YES;
				CLANG_ENABLE_OBJC_ARC = YES;
				CLANG_WARN_BOOL_CONVERSION = YES;
				CLANG_WARN_CONSTANT_CONVERSION = YES;
				CLANG_WARN_DIRECT_OBJC_ISA_USAGE = YES_ERROR;
				CLANG_WARN_EMPTY_BODY = YES;
				CLANG_WARN_ENUM_CONVERSION = YES;
				CLANG_WARN_INT_CONVERSION = YES;
				CLANG_WARN_OBJC_ROOT_CLASS = YES_ERROR;
				CLANG_WARN_UNREACHABLE_CODE = YES;
				CLANG_WARN__DUPLICATE_METHOD_MATCH = YES;
				CODE_SIGN_IDENTITY = "-";
				COPY_PHASE_STRIP = NO;
				DEBUG_INFORMATION_FORMAT = "dwarf-with-dsym";
				ENABLE_NS_ASSERTIONS = NO;
				ENABLE_STRICT_OBJC_MSGSEND = YES;
				GCC_C_LANGUAGE_STANDARD = gnu99;
				GCC_NO_COMMON_BLOCKS = YES;
				GCC_WARN_64_TO_32_BIT_CONVERSION = YES;
				GCC_WARN_ABOUT_RETURN_TYPE = YES_ERROR;
				GCC_WARN_UNDECLARED_SELECTOR = YES;
				GCC_WARN_UNINITIALIZED_AUTOS = YES_AGGRESSIVE;
				GCC_WARN_UNUSED_FUNCTION = YES;
				GCC_WARN_UNUSED_VARIABLE = YES;
				MACOSX_DEPLOYMENT_TARGET = 10.11;
				MTL_ENABLE_DEBUG_INFO = NO;
				SDKROOT = macosx;
			};
			name = Release;
		};
		8AE648671D9D62EB003068AD /* Debug */ = {
			isa = XCBuildConfiguration;
			buildSettings = {
				ASSETCATALOG_COMPILER_APPICON_NAME = AppIcon;
				COMBINE_HIDPI_IMAGES = YES;
				INFOPLIST_FILE = aa/Info.plist;
				LD_RUNPATH_SEARCH_PATHS = "$(inherited) @executable_path/../Frameworks";
				PRODUCT_BUNDLE_IDENTIFIER = com.smileytechguy.aa;
				PRODUCT_NAME = "$(TARGET_NAME)";
			};
			name = Debug;
		};
		8AE648681D9D62EB003068AD /* Release */ = {
			isa = XCBuildConfiguration;
			buildSettings = {
				ASSETCATALOG_COMPILER_APPICON_NAME = AppIcon;
				COMBINE_HIDPI_IMAGES = YES;
				INFOPLIST_FILE = aa/Info.plist;
				LD_RUNPATH_SEARCH_PATHS = "$(inherited) @executable_path/../Frameworks";
				PRODUCT_BUNDLE_IDENTIFIER = com.smileytechguy.aa;
				PRODUCT_NAME = "$(TARGET_NAME)";
			};
			name = Release;
		};
		8AE6486A1D9D62EB003068AD /* Debug */ = {
			isa = XCBuildConfiguration;
			buildSettings = {
				BUNDLE_LOADER = "$(TEST_HOST)";
				COMBINE_HIDPI_IMAGES = YES;
				INFOPLIST_FILE = aaTests/Info.plist;
				LD_RUNPATH_SEARCH_PATHS = "$(inherited) @executable_path/../Frameworks @loader_path/../Frameworks";
				PRODUCT_BUNDLE_IDENTIFIER = com.smileytechguy.aaTests;
				PRODUCT_NAME = "$(TARGET_NAME)";
				TEST_HOST = "$(BUILT_PRODUCTS_DIR)/aa.app/Contents/MacOS/aa";
			};
			name = Debug;
		};
		8AE6486B1D9D62EB003068AD /* Release */ = {
			isa = XCBuildConfiguration;
			buildSettings = {
				BUNDLE_LOADER = "$(TEST_HOST)";
				COMBINE_HIDPI_IMAGES = YES;
				INFOPLIST_FILE = aaTests/Info.plist;
				LD_RUNPATH_SEARCH_PATHS = "$(inherited) @executable_path/../Frameworks @loader_path/../Frameworks";
				PRODUCT_BUNDLE_IDENTIFIER = com.smileytechguy.aaTests;
				PRODUCT_NAME = "$(TARGET_NAME)";
				TEST_HOST = "$(BUILT_PRODUCTS_DIR)/aa.app/Contents/MacOS/aa";
			};
			name = Release;
		};
		8AE6486D1D9D62EB003068AD /* Debug */ = {
			isa = XCBuildConfiguration;
			buildSettings = {
				COMBINE_HIDPI_IMAGES = YES;
				INFOPLIST_FILE = aaUITests/Info.plist;
				LD_RUNPATH_SEARCH_PATHS = "$(inherited) @executable_path/../Frameworks @loader_path/../Frameworks";
				PRODUCT_BUNDLE_IDENTIFIER = com.smileytechguy.aaUITests;
				PRODUCT_NAME = "$(TARGET_NAME)";
				TEST_TARGET_NAME = aa;
			};
			name = Debug;
		};
		8AE6486E1D9D62EB003068AD /* Release */ = {
			isa = XCBuildConfiguration;
			buildSettings = {
				COMBINE_HIDPI_IMAGES = YES;
				INFOPLIST_FILE = aaUITests/Info.plist;
				LD_RUNPATH_SEARCH_PATHS = "$(inherited) @executable_path/../Frameworks @loader_path/../Frameworks";
				PRODUCT_BUNDLE_IDENTIFIER = com.smileytechguy.aaUITests;
				PRODUCT_NAME = "$(TARGET_NAME)";
				TEST_TARGET_NAME = aa;
			};
			name = Release;
		};
/* End XCBuildConfiguration section */

/* Begin XCConfigurationList section */
		8AE648371D9D62EA003068AD /* Build configuration list for PBXProject "aa" */ = {
			isa = XCConfigurationList;
			buildConfigurations = (
				8AE648641D9D62EB003068AD /* Debug */,
				8AE648651D9D62EB003068AD /* Release */,
			);
			defaultConfigurationIsVisible = 0;
			defaultConfigurationName = Release;
		};
		8AE648661D9D62EB003068AD /* Build configuration list for PBXNativeTarget "aa" */ = {
			isa = XCConfigurationList;
			buildConfigurations = (
				8AE648671D9D62EB003068AD /* Debug */,
				8AE648681D9D62EB003068AD /* Release */,
			);
			defaultConfigurationIsVisible = 0;
		};
		8AE648691D9D62EB003068AD /* Build configuration list for PBXNativeTarget "aaTests" */ = {
			isa = XCConfigurationList;
			buildConfigurations = (
				8AE6486A1D9D62EB003068AD /* Debug */,
				8AE6486B1D9D62EB003068AD /* Release */,
			);
			defaultConfigurationIsVisible = 0;
		};
		8AE6486C1D9D62EB003068AD /* Build configuration list for PBXNativeTarget "aaUITests" */ = {
			isa = XCConfigurationList;
			buildConfigurations = (
				8AE6486D1D9D62EB003068AD /* Debug */,
				8AE6486E1D9D62EB003068AD /* Release */,
			);
			defaultConfigurationIsVisible = 0;
		};
/* End XCConfigurationList section */
	};
	rootObject = 8AE648341D9D62EA003068AD /* Project object */;
}
